
Microsoft Visual Studio Solution File, Format Version 12.00
Project("{FAE04EC0-301F-11D3-BF4B-00C04F79EFBC}") = "SharedContracts", "..\shared\SharedContracts.csproj", "{C9BE500C-CE04-480B-874F-A85D33CAA821}"
EndProject
Project("{2150E333-8FDC-42A3-9474-1A3956D46DE8}") = "shared", "shared", "{2C0A0F53-28E6-404F-9EFE-DADFBEF8338B}"
EndProject
Project("{FAE04EC0-301F-11D3-BF4B-00C04F79EFBC}") = "QBitCollector", "QBitCollector.csproj", "{1EF124BE-6EBE-4D9E-846C-FFF814999F3B}"
EndProject
Project("{2150E333-8FDC-42A3-9474-1A3956D46DE8}") = "eng", "eng", "{2F2EA33A-1303-405D-939B-E9394D262BC9}"
	ProjectSection(SolutionItems) = preProject
		eng\install-python-reqs.ps1 = eng\install-python-reqs.ps1
		eng\install-python-reqs.sh = eng\install-python-reqs.sh
	EndProjectSection
EndProject
Global
	GlobalSection(SolutionConfigurationPlatforms) = preSolution
		Debug|Any CPU = Debug|Any CPU
		Release|Any CPU = Release|Any CPU
	EndGlobalSection
	GlobalSection(ProjectConfigurationPlatforms) = postSolution
		{C9BE500C-CE04-480B-874F-A85D33CAA821}.Debug|Any CPU.ActiveCfg = Debug|Any CPU
		{C9BE500C-CE04-480B-874F-A85D33CAA821}.Debug|Any CPU.Build.0 = Debug|Any CPU
		{C9BE500C-CE04-480B-874F-A85D33CAA821}.Release|Any CPU.ActiveCfg = Release|Any CPU
		{C9BE500C-CE04-480B-874F-A85D33CAA821}.Release|Any CPU.Build.0 = Release|Any CPU
		{1EF124BE-6EBE-4D9E-846C-FFF814999F3B}.Debug|Any CPU.ActiveCfg = Debug|Any CPU
		{1EF124BE-6EBE-4D9E-846C-FFF814999F3B}.Debug|Any CPU.Build.0 = Debug|Any CPU
		{1EF124BE-6EBE-4D9E-846C-FFF814999F3B}.Release|Any CPU.ActiveCfg = Release|Any CPU
		{1EF124BE-6EBE-4D9E-846C-FFF814999F3B}.Release|Any CPU.Build.0 = Release|Any CPU
	EndGlobalSection
	GlobalSection(NestedProjects) = preSolution
		{C9BE500C-CE04-480B-874F-A85D33CAA821} = {2C0A0F53-28E6-404F-9EFE-DADFBEF8338B}
	EndGlobalSection
EndGlobal
